
Microsoft Visual Studio Solution File, Format Version 12.00
# Visual Studio 15
VisualStudioVersion = 15.0.28307.421
MinimumVisualStudioVersion = 10.0.40219.1
Project("{FAE04EC0-301F-11D3-BF4B-00C04F79EFBC}") = "Cclearpro", "Cclearpro\Cclearpro.csproj", "{E4D0BBBB-BE1F-476F-8402-33F33A600725}"
EndProject
Global
	GlobalSection(SolutionConfigurationPlatforms) = preSolution
		Debug|Any CPU = Debug|Any CPU
		Release|Any CPU = Release|Any CPU
	EndGlobalSection
	GlobalSection(ProjectConfigurationPlatforms) = postSolution
		{E4D0BBBB-BE1F-476F-8402-33F33A600725}.Debug|Any CPU.ActiveCfg = Debug|Any CPU
		{E4D0BBBB-BE1F-476F-8402-33F33A600725}.Debug|Any CPU.Build.0 = Debug|Any CPU
		{E4D0BBBB-BE1F-476F-8402-33F33A600725}.Release|Any CPU.ActiveCfg = Release|Any CPU
		{E4D0BBBB-BE1F-476F-8402-33F33A600725}.Release|Any CPU.Build.0 = Release|Any CPU
	EndGlobalSection
	GlobalSection(SolutionProperties) = preSolution
		HideSolutionNode = FALSE
	EndGlobalSection
	GlobalSection(ExtensibilityGlobals) = postSolution
		SolutionGuid = {DD538BEB-F578-484C-8B9E-CE5E35488E57}
	EndGlobalSection
EndGlobal
